// !$*UTF8*$!
{
	archiveVersion = 1;
	classes = {
	};
	objectVersion = 48;
	objects = {

/* Begin PBXBuildFile section */
		240BBE97202F9D7C00DD1524 /* MapViewController.swift in Sources */ = {isa = PBXBuildFile; fileRef = 240BBE96202F9D7C00DD1524 /* MapViewController.swift */; };
		249C180A205083F7009E20A4 /* GoogleService-Info.plist in Resources */ = {isa = PBXBuildFile; fileRef = 249C1809205083F6009E20A4 /* GoogleService-Info.plist */; };
		249C180C2050867C009E20A4 /* ARViewController.swift in Sources */ = {isa = PBXBuildFile; fileRef = 249C180B2050867B009E20A4 /* ARViewController.swift */; };
		249C180E20508686009E20A4 /* AR.storyboard in Resources */ = {isa = PBXBuildFile; fileRef = 249C180D20508686009E20A4 /* AR.storyboard */; };
		249C181020508696009E20A4 /* Map.storyboard in Resources */ = {isa = PBXBuildFile; fileRef = 249C180F20508695009E20A4 /* Map.storyboard */; };
		24E9978F202232DE009EF2FF /* AppDelegate.swift in Sources */ = {isa = PBXBuildFile; fileRef = 24E9978E202232DE009EF2FF /* AppDelegate.swift */; };
		24E99791202232DE009EF2FF /* ViewController.swift in Sources */ = {isa = PBXBuildFile; fileRef = 24E99790202232DE009EF2FF /* ViewController.swift */; };
		24E99796202232DE009EF2FF /* Assets.xcassets in Resources */ = {isa = PBXBuildFile; fileRef = 24E99795202232DE009EF2FF /* Assets.xcassets */; };
		24E99799202232DE009EF2FF /* (null) in Resources */ = {isa = PBXBuildFile; };
		24E997A4202232DE009EF2FF /* bubbleTests.swift in Sources */ = {isa = PBXBuildFile; fileRef = 24E997A3202232DE009EF2FF /* bubbleTests.swift */; };
		24E997AF202232DE009EF2FF /* bubbleUITests.swift in Sources */ = {isa = PBXBuildFile; fileRef = 24E997AE202232DE009EF2FF /* bubbleUITests.swift */; };
		2A097B1F2033A5A800DB2EAC /* AuthService.swift in Sources */ = {isa = PBXBuildFile; fileRef = 2A097B1E2033A5A800DB2EAC /* AuthService.swift */; };
		2A097B212035661500DB2EAC /* AuthLoginViewController.swift in Sources */ = {isa = PBXBuildFile; fileRef = 2A097B202035661500DB2EAC /* AuthLoginViewController.swift */; };
		2A615AD52030ACEB00267F76 /* SucessViewController.swift in Sources */ = {isa = PBXBuildFile; fileRef = 2A615AD42030ACEB00267F76 /* SucessViewController.swift */; };
		2A701125202F9E99002BA176 /* AccountAuthStoryboard.storyboard in Resources */ = {isa = PBXBuildFile; fileRef = 2A701123202F9E99002BA176 /* AccountAuthStoryboard.storyboard */; };
		2A701127202FB719002BA176 /* AccountAuthViewController.swift in Sources */ = {isa = PBXBuildFile; fileRef = 2A701126202FB719002BA176 /* AccountAuthViewController.swift */; };
		2A9CBD102033A2E000C8BA48 /* AuthRegisterViewController.swift in Sources */ = {isa = PBXBuildFile; fileRef = 2A9CBD0F2033A2E000C8BA48 /* AuthRegisterViewController.swift */; };
		2AD33CD32039EF2900919952 /* AuthEntryViewController.swift in Sources */ = {isa = PBXBuildFile; fileRef = 2AD33CD22039EF2900919952 /* AuthEntryViewController.swift */; };
		477D9E034B740E6CD11B8DE4 /* Pods_bubbleTests.framework in Frameworks */ = {isa = PBXBuildFile; fileRef = E47A4ACECEF2D0546BA3DC45 /* Pods_bubbleTests.framework */; };
		7ACF0920CED84CAA58043DFC /* Pods_bubbleUITests.framework in Frameworks */ = {isa = PBXBuildFile; fileRef = D4A6848ED670E80D69AEE3A4 /* Pods_bubbleUITests.framework */; };
		C7B14506202D013500C9832F /* Bubble.swift in Sources */ = {isa = PBXBuildFile; fileRef = C7B14505202D013400C9832F /* Bubble.swift */; };
		C7B1450B202D065B00C9832F /* CreateBubbleView.xib in Resources */ = {isa = PBXBuildFile; fileRef = C7B1450A202D065B00C9832F /* CreateBubbleView.xib */; };
		C7B1450D202D082D00C9832F /* CreateBubbleView.swift in Sources */ = {isa = PBXBuildFile; fileRef = C7B1450C202D082D00C9832F /* CreateBubbleView.swift */; };
		FA46308E96437898520F4142 /* Pods_bubble.framework in Frameworks */ = {isa = PBXBuildFile; fileRef = 75072140A2121EB551406AAB /* Pods_bubble.framework */; };
		FC11269B2053820E006BC6A6 /* Profile.storyboard in Resources */ = {isa = PBXBuildFile; fileRef = FC11269A2053820E006BC6A6 /* Profile.storyboard */; };
		FC11269D2053841B006BC6A6 /* ProfileViewController.swift in Sources */ = {isa = PBXBuildFile; fileRef = FC11269C2053841B006BC6A6 /* ProfileViewController.swift */; };
		FC11269F20538428006BC6A6 /* ProfileSettingsViewController.swift in Sources */ = {isa = PBXBuildFile; fileRef = FC11269E20538428006BC6A6 /* ProfileSettingsViewController.swift */; };
		FC1126A12053865C006BC6A6 /* RoundedView.swift in Sources */ = {isa = PBXBuildFile; fileRef = FC1126A02053865C006BC6A6 /* RoundedView.swift */; };
		FC1126A320539582006BC6A6 /* BubbleAnnotation.swift in Sources */ = {isa = PBXBuildFile; fileRef = FC1126A220539582006BC6A6 /* BubbleAnnotation.swift */; };
		FC2EBA002055D7E7007799B7 /* BubbleUser.swift in Sources */ = {isa = PBXBuildFile; fileRef = FC2EB9FF2055D7E6007799B7 /* BubbleUser.swift */; };
		FC2EBA022055FAB9007799B7 /* UserBubblesViewController.swift in Sources */ = {isa = PBXBuildFile; fileRef = FC2EBA012055FAB9007799B7 /* UserBubblesViewController.swift */; };
		FC2EBA042055FB58007799B7 /* BubbleCell.swift in Sources */ = {isa = PBXBuildFile; fileRef = FC2EBA032055FB58007799B7 /* BubbleCell.swift */; };
		FCD6F0BB202CD8C200A658C8 /* DataService.swift in Sources */ = {isa = PBXBuildFile; fileRef = FCD6F0BA202CD8C200A658C8 /* DataService.swift */; };
/* End PBXBuildFile section */

/* Begin PBXContainerItemProxy section */
		24E997A0202232DE009EF2FF /* PBXContainerItemProxy */ = {
			isa = PBXContainerItemProxy;
			containerPortal = 24E99783202232DE009EF2FF /* Project object */;
			proxyType = 1;
			remoteGlobalIDString = 24E9978A202232DE009EF2FF;
			remoteInfo = bubble;
		};
		24E997AB202232DE009EF2FF /* PBXContainerItemProxy */ = {
			isa = PBXContainerItemProxy;
			containerPortal = 24E99783202232DE009EF2FF /* Project object */;
			proxyType = 1;
			remoteGlobalIDString = 24E9978A202232DE009EF2FF;
			remoteInfo = bubble;
		};
/* End PBXContainerItemProxy section */

/* Begin PBXFileReference section */
		16D35B7316F5B6DF366CB8AD /* Pods-bubble.release.xcconfig */ = {isa = PBXFileReference; includeInIndex = 1; lastKnownFileType = text.xcconfig; name = "Pods-bubble.release.xcconfig"; path = "Pods/Target Support Files/Pods-bubble/Pods-bubble.release.xcconfig"; sourceTree = "<group>"; };
		240BBE96202F9D7C00DD1524 /* MapViewController.swift */ = {isa = PBXFileReference; lastKnownFileType = sourcecode.swift; path = MapViewController.swift; sourceTree = "<group>"; };
		249C1809205083F6009E20A4 /* GoogleService-Info.plist */ = {isa = PBXFileReference; fileEncoding = 4; lastKnownFileType = text.plist.xml; path = "GoogleService-Info.plist"; sourceTree = "<group>"; };
		249C180B2050867B009E20A4 /* ARViewController.swift */ = {isa = PBXFileReference; fileEncoding = 4; lastKnownFileType = sourcecode.swift; path = ARViewController.swift; sourceTree = "<group>"; };
		249C180D20508686009E20A4 /* AR.storyboard */ = {isa = PBXFileReference; fileEncoding = 4; lastKnownFileType = file.storyboard; path = AR.storyboard; sourceTree = "<group>"; };
		249C180F20508695009E20A4 /* Map.storyboard */ = {isa = PBXFileReference; fileEncoding = 4; lastKnownFileType = file.storyboard; path = Map.storyboard; sourceTree = "<group>"; };
		24E9978B202232DE009EF2FF /* bubble.app */ = {isa = PBXFileReference; explicitFileType = wrapper.application; includeInIndex = 0; path = bubble.app; sourceTree = BUILT_PRODUCTS_DIR; };
		24E9978E202232DE009EF2FF /* AppDelegate.swift */ = {isa = PBXFileReference; lastKnownFileType = sourcecode.swift; path = AppDelegate.swift; sourceTree = "<group>"; };
		24E99790202232DE009EF2FF /* ViewController.swift */ = {isa = PBXFileReference; lastKnownFileType = sourcecode.swift; path = ViewController.swift; sourceTree = "<group>"; };
		24E99795202232DE009EF2FF /* Assets.xcassets */ = {isa = PBXFileReference; lastKnownFileType = folder.assetcatalog; path = Assets.xcassets; sourceTree = "<group>"; };
		24E99798202232DE009EF2FF /* Base */ = {isa = PBXFileReference; lastKnownFileType = file.storyboard; name = Base; path = Base.lproj/LaunchScreen.storyboard; sourceTree = "<group>"; };
		24E9979A202232DE009EF2FF /* Info.plist */ = {isa = PBXFileReference; lastKnownFileType = text.plist.xml; path = Info.plist; sourceTree = "<group>"; };
		24E9979F202232DE009EF2FF /* bubbleTests.xctest */ = {isa = PBXFileReference; explicitFileType = wrapper.cfbundle; includeInIndex = 0; path = bubbleTests.xctest; sourceTree = BUILT_PRODUCTS_DIR; };
		24E997A3202232DE009EF2FF /* bubbleTests.swift */ = {isa = PBXFileReference; lastKnownFileType = sourcecode.swift; path = bubbleTests.swift; sourceTree = "<group>"; };
		24E997A5202232DE009EF2FF /* Info.plist */ = {isa = PBXFileReference; lastKnownFileType = text.plist.xml; path = Info.plist; sourceTree = "<group>"; };
		24E997AA202232DE009EF2FF /* bubbleUITests.xctest */ = {isa = PBXFileReference; explicitFileType = wrapper.cfbundle; includeInIndex = 0; path = bubbleUITests.xctest; sourceTree = BUILT_PRODUCTS_DIR; };
		24E997AE202232DE009EF2FF /* bubbleUITests.swift */ = {isa = PBXFileReference; lastKnownFileType = sourcecode.swift; path = bubbleUITests.swift; sourceTree = "<group>"; };
		24E997B0202232DE009EF2FF /* Info.plist */ = {isa = PBXFileReference; lastKnownFileType = text.plist.xml; path = Info.plist; sourceTree = "<group>"; };
		2A097B1E2033A5A800DB2EAC /* AuthService.swift */ = {isa = PBXFileReference; lastKnownFileType = sourcecode.swift; path = AuthService.swift; sourceTree = "<group>"; };
		2A097B202035661500DB2EAC /* AuthLoginViewController.swift */ = {isa = PBXFileReference; lastKnownFileType = sourcecode.swift; path = AuthLoginViewController.swift; sourceTree = "<group>"; };
		2A615AD320309E0900267F76 /* bubble.entitlements */ = {isa = PBXFileReference; lastKnownFileType = text.plist.entitlements; path = bubble.entitlements; sourceTree = "<group>"; };
		2A615AD42030ACEB00267F76 /* SucessViewController.swift */ = {isa = PBXFileReference; lastKnownFileType = sourcecode.swift; path = SucessViewController.swift; sourceTree = "<group>"; };
		2A701124202F9E99002BA176 /* Base */ = {isa = PBXFileReference; lastKnownFileType = file.storyboard; name = Base; path = Base.lproj/AccountAuthStoryboard.storyboard; sourceTree = "<group>"; };
		2A701126202FB719002BA176 /* AccountAuthViewController.swift */ = {isa = PBXFileReference; lastKnownFileType = sourcecode.swift; path = AccountAuthViewController.swift; sourceTree = "<group>"; };
		2A9CBD0F2033A2E000C8BA48 /* AuthRegisterViewController.swift */ = {isa = PBXFileReference; lastKnownFileType = sourcecode.swift; path = AuthRegisterViewController.swift; sourceTree = "<group>"; };
		2AD33CD22039EF2900919952 /* AuthEntryViewController.swift */ = {isa = PBXFileReference; lastKnownFileType = sourcecode.swift; path = AuthEntryViewController.swift; sourceTree = "<group>"; };
		75072140A2121EB551406AAB /* Pods_bubble.framework */ = {isa = PBXFileReference; explicitFileType = wrapper.framework; includeInIndex = 0; path = Pods_bubble.framework; sourceTree = BUILT_PRODUCTS_DIR; };
		82981578508418AA5255F405 /* Pods-bubbleTests.release.xcconfig */ = {isa = PBXFileReference; includeInIndex = 1; lastKnownFileType = text.xcconfig; name = "Pods-bubbleTests.release.xcconfig"; path = "Pods/Target Support Files/Pods-bubbleTests/Pods-bubbleTests.release.xcconfig"; sourceTree = "<group>"; };
		933067298B0CD01DE1F5E8CB /* Pods-bubbleUITests.release.xcconfig */ = {isa = PBXFileReference; includeInIndex = 1; lastKnownFileType = text.xcconfig; name = "Pods-bubbleUITests.release.xcconfig"; path = "Pods/Target Support Files/Pods-bubbleUITests/Pods-bubbleUITests.release.xcconfig"; sourceTree = "<group>"; };
		A27178FB51C85EBAFB7102C5 /* Pods-bubbleTests.debug.xcconfig */ = {isa = PBXFileReference; includeInIndex = 1; lastKnownFileType = text.xcconfig; name = "Pods-bubbleTests.debug.xcconfig"; path = "Pods/Target Support Files/Pods-bubbleTests/Pods-bubbleTests.debug.xcconfig"; sourceTree = "<group>"; };
		C13140F4DAB329735B86CF12 /* Pods-bubbleUITests.debug.xcconfig */ = {isa = PBXFileReference; includeInIndex = 1; lastKnownFileType = text.xcconfig; name = "Pods-bubbleUITests.debug.xcconfig"; path = "Pods/Target Support Files/Pods-bubbleUITests/Pods-bubbleUITests.debug.xcconfig"; sourceTree = "<group>"; };
		C7B14505202D013400C9832F /* Bubble.swift */ = {isa = PBXFileReference; lastKnownFileType = sourcecode.swift; path = Bubble.swift; sourceTree = "<group>"; };
		C7B1450A202D065B00C9832F /* CreateBubbleView.xib */ = {isa = PBXFileReference; lastKnownFileType = file.xib; path = CreateBubbleView.xib; sourceTree = "<group>"; };
		C7B1450C202D082D00C9832F /* CreateBubbleView.swift */ = {isa = PBXFileReference; lastKnownFileType = sourcecode.swift; path = CreateBubbleView.swift; sourceTree = "<group>"; };
		D4A6848ED670E80D69AEE3A4 /* Pods_bubbleUITests.framework */ = {isa = PBXFileReference; explicitFileType = wrapper.framework; includeInIndex = 0; path = Pods_bubbleUITests.framework; sourceTree = BUILT_PRODUCTS_DIR; };
		E47A4ACECEF2D0546BA3DC45 /* Pods_bubbleTests.framework */ = {isa = PBXFileReference; explicitFileType = wrapper.framework; includeInIndex = 0; path = Pods_bubbleTests.framework; sourceTree = BUILT_PRODUCTS_DIR; };
		EA229941A2DA5921E675AF5C /* Pods-bubble.debug.xcconfig */ = {isa = PBXFileReference; includeInIndex = 1; lastKnownFileType = text.xcconfig; name = "Pods-bubble.debug.xcconfig"; path = "Pods/Target Support Files/Pods-bubble/Pods-bubble.debug.xcconfig"; sourceTree = "<group>"; };
		FC11269A2053820E006BC6A6 /* Profile.storyboard */ = {isa = PBXFileReference; lastKnownFileType = file.storyboard; path = Profile.storyboard; sourceTree = "<group>"; };
		FC11269C2053841B006BC6A6 /* ProfileViewController.swift */ = {isa = PBXFileReference; lastKnownFileType = sourcecode.swift; path = ProfileViewController.swift; sourceTree = "<group>"; };
		FC11269E20538428006BC6A6 /* ProfileSettingsViewController.swift */ = {isa = PBXFileReference; lastKnownFileType = sourcecode.swift; path = ProfileSettingsViewController.swift; sourceTree = "<group>"; };
		FC1126A02053865C006BC6A6 /* RoundedView.swift */ = {isa = PBXFileReference; lastKnownFileType = sourcecode.swift; path = RoundedView.swift; sourceTree = "<group>"; };
		FC1126A220539582006BC6A6 /* BubbleAnnotation.swift */ = {isa = PBXFileReference; fileEncoding = 4; lastKnownFileType = sourcecode.swift; path = BubbleAnnotation.swift; sourceTree = "<group>"; };
		FC2EB9FF2055D7E6007799B7 /* BubbleUser.swift */ = {isa = PBXFileReference; fileEncoding = 4; lastKnownFileType = sourcecode.swift; path = BubbleUser.swift; sourceTree = "<group>"; };
		FC2EBA012055FAB9007799B7 /* UserBubblesViewController.swift */ = {isa = PBXFileReference; lastKnownFileType = sourcecode.swift; path = UserBubblesViewController.swift; sourceTree = "<group>"; };
		FC2EBA032055FB58007799B7 /* BubbleCell.swift */ = {isa = PBXFileReference; lastKnownFileType = sourcecode.swift; path = BubbleCell.swift; sourceTree = "<group>"; };
		FCD6F0BA202CD8C200A658C8 /* DataService.swift */ = {isa = PBXFileReference; lastKnownFileType = sourcecode.swift; path = DataService.swift; sourceTree = "<group>"; };
/* End PBXFileReference section */

/* Begin PBXFrameworksBuildPhase section */
		24E99788202232DE009EF2FF /* Frameworks */ = {
			isa = PBXFrameworksBuildPhase;
			buildActionMask = 2147483647;
			files = (
				FA46308E96437898520F4142 /* Pods_bubble.framework in Frameworks */,
			);
			runOnlyForDeploymentPostprocessing = 0;
		};
		24E9979C202232DE009EF2FF /* Frameworks */ = {
			isa = PBXFrameworksBuildPhase;
			buildActionMask = 2147483647;
			files = (
				477D9E034B740E6CD11B8DE4 /* Pods_bubbleTests.framework in Frameworks */,
			);
			runOnlyForDeploymentPostprocessing = 0;
		};
		24E997A7202232DE009EF2FF /* Frameworks */ = {
			isa = PBXFrameworksBuildPhase;
			buildActionMask = 2147483647;
			files = (
				7ACF0920CED84CAA58043DFC /* Pods_bubbleUITests.framework in Frameworks */,
			);
			runOnlyForDeploymentPostprocessing = 0;
		};
/* End PBXFrameworksBuildPhase section */

/* Begin PBXGroup section */
		24E99782202232DE009EF2FF = {
			isa = PBXGroup;
			children = (
				24E9978D202232DE009EF2FF /* bubble */,
				24E997A2202232DE009EF2FF /* bubbleTests */,
				24E997AD202232DE009EF2FF /* bubbleUITests */,
				24E9978C202232DE009EF2FF /* Products */,
				7DED68C239FD553F3C977EF0 /* Pods */,
				49FC31316B28A70243F38821 /* Frameworks */,
			);
			sourceTree = "<group>";
		};
		24E9978C202232DE009EF2FF /* Products */ = {
			isa = PBXGroup;
			children = (
				24E9978B202232DE009EF2FF /* bubble.app */,
				24E9979F202232DE009EF2FF /* bubbleTests.xctest */,
				24E997AA202232DE009EF2FF /* bubbleUITests.xctest */,
			);
			name = Products;
			sourceTree = "<group>";
		};
		24E9978D202232DE009EF2FF /* bubble */ = {
			isa = PBXGroup;
			children = (
				2A615AD320309E0900267F76 /* bubble.entitlements */,
				24E9978E202232DE009EF2FF /* AppDelegate.swift */,
				FC0545B6202CD38C00A6F2CC /* Utilities */,
				FC0545B5202CD38500A6F2CC /* Services */,
				FC0545B2202CD35000A6F2CC /* Models */,
				FC0545B3202CD35600A6F2CC /* Views */,
				FC0545B4202CD35A00A6F2CC /* Controllers */,
				24E99795202232DE009EF2FF /* Assets.xcassets */,
				24E9979A202232DE009EF2FF /* Info.plist */,
				249C1809205083F6009E20A4 /* GoogleService-Info.plist */,
			);
			path = bubble;
			sourceTree = "<group>";
		};
		24E997A2202232DE009EF2FF /* bubbleTests */ = {
			isa = PBXGroup;
			children = (
				24E997A3202232DE009EF2FF /* bubbleTests.swift */,
				24E997A5202232DE009EF2FF /* Info.plist */,
			);
			path = bubbleTests;
			sourceTree = "<group>";
		};
		24E997AD202232DE009EF2FF /* bubbleUITests */ = {
			isa = PBXGroup;
			children = (
				24E997AE202232DE009EF2FF /* bubbleUITests.swift */,
				24E997B0202232DE009EF2FF /* Info.plist */,
			);
			path = bubbleUITests;
			sourceTree = "<group>";
		};
		49FC31316B28A70243F38821 /* Frameworks */ = {
			isa = PBXGroup;
			children = (
				75072140A2121EB551406AAB /* Pods_bubble.framework */,
				E47A4ACECEF2D0546BA3DC45 /* Pods_bubbleTests.framework */,
				D4A6848ED670E80D69AEE3A4 /* Pods_bubbleUITests.framework */,
			);
			name = Frameworks;
			sourceTree = "<group>";
		};
		7DED68C239FD553F3C977EF0 /* Pods */ = {
			isa = PBXGroup;
			children = (
				EA229941A2DA5921E675AF5C /* Pods-bubble.debug.xcconfig */,
				16D35B7316F5B6DF366CB8AD /* Pods-bubble.release.xcconfig */,
				A27178FB51C85EBAFB7102C5 /* Pods-bubbleTests.debug.xcconfig */,
				82981578508418AA5255F405 /* Pods-bubbleTests.release.xcconfig */,
				C13140F4DAB329735B86CF12 /* Pods-bubbleUITests.debug.xcconfig */,
				933067298B0CD01DE1F5E8CB /* Pods-bubbleUITests.release.xcconfig */,
			);
			name = Pods;
			sourceTree = "<group>";
		};
		FC0545B2202CD35000A6F2CC /* Models */ = {
			isa = PBXGroup;
			children = (
				FC2EB9FF2055D7E6007799B7 /* BubbleUser.swift */,
				FC1126A220539582006BC6A6 /* BubbleAnnotation.swift */,
				C7B14505202D013400C9832F /* Bubble.swift */,
			);
			path = Models;
			sourceTree = "<group>";
		};
		FC0545B3202CD35600A6F2CC /* Views */ = {
			isa = PBXGroup;
			children = (
				2A701123202F9E99002BA176 /* AccountAuthStoryboard.storyboard */,
				24E99792202232DE009EF2FF /* LaunchScreen.storyboard */,
				249C180F20508695009E20A4 /* Map.storyboard */,
				C7B1450A202D065B00C9832F /* CreateBubbleView.xib */,
				249C180D20508686009E20A4 /* AR.storyboard */,
				C7B1450C202D082D00C9832F /* CreateBubbleView.swift */,
				FC11269A2053820E006BC6A6 /* Profile.storyboard */,
				FC1126A02053865C006BC6A6 /* RoundedView.swift */,
				FC2EBA032055FB58007799B7 /* BubbleCell.swift */,
			);
			path = Views;
			sourceTree = "<group>";
		};
		FC0545B4202CD35A00A6F2CC /* Controllers */ = {
			isa = PBXGroup;
			children = (
				24E99790202232DE009EF2FF /* ViewController.swift */,
				2A701126202FB719002BA176 /* AccountAuthViewController.swift */,
				2A615AD42030ACEB00267F76 /* SucessViewController.swift */,
				2A9CBD0F2033A2E000C8BA48 /* AuthRegisterViewController.swift */,
				2A097B202035661500DB2EAC /* AuthLoginViewController.swift */,
				2AD33CD22039EF2900919952 /* AuthEntryViewController.swift */,
				240BBE96202F9D7C00DD1524 /* MapViewController.swift */,
				249C180B2050867B009E20A4 /* ARViewController.swift */,
				FC11269C2053841B006BC6A6 /* ProfileViewController.swift */,
				FC11269E20538428006BC6A6 /* ProfileSettingsViewController.swift */,
				FC2EBA012055FAB9007799B7 /* UserBubblesViewController.swift */,
			);
			path = Controllers;
			sourceTree = "<group>";
		};
		FC0545B5202CD38500A6F2CC /* Services */ = {
			isa = PBXGroup;
			children = (
				FCD6F0BA202CD8C200A658C8 /* DataService.swift */,
				2A097B1E2033A5A800DB2EAC /* AuthService.swift */,
			);
			path = Services;
			sourceTree = "<group>";
		};
		FC0545B6202CD38C00A6F2CC /* Utilities */ = {
			isa = PBXGroup;
			children = (
			);
			path = Utilities;
			sourceTree = "<group>";
		};
/* End PBXGroup section */

/* Begin PBXNativeTarget section */
		24E9978A202232DE009EF2FF /* bubble */ = {
			isa = PBXNativeTarget;
			buildConfigurationList = 24E997B3202232DE009EF2FF /* Build configuration list for PBXNativeTarget "bubble" */;
			buildPhases = (
				41E2B7D976057341F8E361B6 /* [CP] Check Pods Manifest.lock */,
				24E99787202232DE009EF2FF /* Sources */,
				24E99788202232DE009EF2FF /* Frameworks */,
				24E99789202232DE009EF2FF /* Resources */,
				8A87BA982C60A5369DBA30A7 /* [CP] Embed Pods Frameworks */,
				300755C747F840891A4DD1F6 /* [CP] Copy Pods Resources */,
			);
			buildRules = (
			);
			dependencies = (
			);
			name = bubble;
			productName = bubble;
			productReference = 24E9978B202232DE009EF2FF /* bubble.app */;
			productType = "com.apple.product-type.application";
		};
		24E9979E202232DE009EF2FF /* bubbleTests */ = {
			isa = PBXNativeTarget;
			buildConfigurationList = 24E997B6202232DE009EF2FF /* Build configuration list for PBXNativeTarget "bubbleTests" */;
			buildPhases = (
				039EE28EFB661CE0A0DF9BFE /* [CP] Check Pods Manifest.lock */,
				24E9979B202232DE009EF2FF /* Sources */,
				24E9979C202232DE009EF2FF /* Frameworks */,
				24E9979D202232DE009EF2FF /* Resources */,
				F917FEDF8F609C4D85067F2C /* [CP] Embed Pods Frameworks */,
				B67D8137F535A0092CF5EA62 /* [CP] Copy Pods Resources */,
			);
			buildRules = (
			);
			dependencies = (
				24E997A1202232DE009EF2FF /* PBXTargetDependency */,
			);
			name = bubbleTests;
			productName = bubbleTests;
			productReference = 24E9979F202232DE009EF2FF /* bubbleTests.xctest */;
			productType = "com.apple.product-type.bundle.unit-test";
		};
		24E997A9202232DE009EF2FF /* bubbleUITests */ = {
			isa = PBXNativeTarget;
			buildConfigurationList = 24E997B9202232DE009EF2FF /* Build configuration list for PBXNativeTarget "bubbleUITests" */;
			buildPhases = (
				5B06A9CF5A624D85925AEE23 /* [CP] Check Pods Manifest.lock */,
				24E997A6202232DE009EF2FF /* Sources */,
				24E997A7202232DE009EF2FF /* Frameworks */,
				24E997A8202232DE009EF2FF /* Resources */,
				B9B3ECDC069FBFC34CA340DC /* [CP] Embed Pods Frameworks */,
				038000CF0A69DD00133E91CD /* [CP] Copy Pods Resources */,
			);
			buildRules = (
			);
			dependencies = (
				24E997AC202232DE009EF2FF /* PBXTargetDependency */,
			);
			name = bubbleUITests;
			productName = bubbleUITests;
			productReference = 24E997AA202232DE009EF2FF /* bubbleUITests.xctest */;
			productType = "com.apple.product-type.bundle.ui-testing";
		};
/* End PBXNativeTarget section */

/* Begin PBXProject section */
		24E99783202232DE009EF2FF /* Project object */ = {
			isa = PBXProject;
			attributes = {
				LastSwiftUpdateCheck = 0920;
				LastUpgradeCheck = 0920;
				ORGANIZATIONNAME = "CS 408";
				TargetAttributes = {
					24E9978A202232DE009EF2FF = {
						CreatedOnToolsVersion = 9.2;
						ProvisioningStyle = Automatic;
						SystemCapabilities = {
							com.apple.Keychain = {
								enabled = 1;
							};
						};
					};
					24E9979E202232DE009EF2FF = {
						CreatedOnToolsVersion = 9.2;
						ProvisioningStyle = Automatic;
						TestTargetID = 24E9978A202232DE009EF2FF;
					};
					24E997A9202232DE009EF2FF = {
						CreatedOnToolsVersion = 9.2;
						ProvisioningStyle = Automatic;
						TestTargetID = 24E9978A202232DE009EF2FF;
					};
				};
			};
			buildConfigurationList = 24E99786202232DE009EF2FF /* Build configuration list for PBXProject "bubble" */;
			compatibilityVersion = "Xcode 8.0";
			developmentRegion = en;
			hasScannedForEncodings = 0;
			knownRegions = (
				en,
				Base,
			);
			mainGroup = 24E99782202232DE009EF2FF;
			productRefGroup = 24E9978C202232DE009EF2FF /* Products */;
			projectDirPath = "";
			projectRoot = "";
			targets = (
				24E9978A202232DE009EF2FF /* bubble */,
				24E9979E202232DE009EF2FF /* bubbleTests */,
				24E997A9202232DE009EF2FF /* bubbleUITests */,
			);
		};
/* End PBXProject section */

/* Begin PBXResourcesBuildPhase section */
		24E99789202232DE009EF2FF /* Resources */ = {
			isa = PBXResourcesBuildPhase;
			buildActionMask = 2147483647;
			files = (
				C7B1450B202D065B00C9832F /* CreateBubbleView.xib in Resources */,
				249C181020508696009E20A4 /* Map.storyboard in Resources */,
				FC11269B2053820E006BC6A6 /* Profile.storyboard in Resources */,
				24E99799202232DE009EF2FF /* (null) in Resources */,
				24E99796202232DE009EF2FF /* Assets.xcassets in Resources */,
				249C180E20508686009E20A4 /* AR.storyboard in Resources */,
				2A701125202F9E99002BA176 /* AccountAuthStoryboard.storyboard in Resources */,
				249C180A205083F7009E20A4 /* GoogleService-Info.plist in Resources */,
			);
			runOnlyForDeploymentPostprocessing = 0;
		};
		24E9979D202232DE009EF2FF /* Resources */ = {
			isa = PBXResourcesBuildPhase;
			buildActionMask = 2147483647;
			files = (
			);
			runOnlyForDeploymentPostprocessing = 0;
		};
		24E997A8202232DE009EF2FF /* Resources */ = {
			isa = PBXResourcesBuildPhase;
			buildActionMask = 2147483647;
			files = (
			);
			runOnlyForDeploymentPostprocessing = 0;
		};
/* End PBXResourcesBuildPhase section */

/* Begin PBXShellScriptBuildPhase section */
		038000CF0A69DD00133E91CD /* [CP] Copy Pods Resources */ = {
			isa = PBXShellScriptBuildPhase;
			buildActionMask = 2147483647;
			files = (
			);
			inputPaths = (
			);
			name = "[CP] Copy Pods Resources";
			outputPaths = (
			);
			runOnlyForDeploymentPostprocessing = 0;
			shellPath = /bin/sh;
			shellScript = "\"${SRCROOT}/Pods/Target Support Files/Pods-bubbleUITests/Pods-bubbleUITests-resources.sh\"\n";
			showEnvVarsInLog = 0;
		};
		039EE28EFB661CE0A0DF9BFE /* [CP] Check Pods Manifest.lock */ = {
			isa = PBXShellScriptBuildPhase;
			buildActionMask = 2147483647;
			files = (
			);
			inputPaths = (
				"${PODS_PODFILE_DIR_PATH}/Podfile.lock",
				"${PODS_ROOT}/Manifest.lock",
			);
			name = "[CP] Check Pods Manifest.lock";
			outputPaths = (
				"$(DERIVED_FILE_DIR)/Pods-bubbleTests-checkManifestLockResult.txt",
			);
			runOnlyForDeploymentPostprocessing = 0;
			shellPath = /bin/sh;
			shellScript = "diff \"${PODS_PODFILE_DIR_PATH}/Podfile.lock\" \"${PODS_ROOT}/Manifest.lock\" > /dev/null\nif [ $? != 0 ] ; then\n    # print error to STDERR\n    echo \"error: The sandbox is not in sync with the Podfile.lock. Run 'pod install' or update your CocoaPods installation.\" >&2\n    exit 1\nfi\n# This output is used by Xcode 'outputs' to avoid re-running this script phase.\necho \"SUCCESS\" > \"${SCRIPT_OUTPUT_FILE_0}\"\n";
			showEnvVarsInLog = 0;
		};
		300755C747F840891A4DD1F6 /* [CP] Copy Pods Resources */ = {
			isa = PBXShellScriptBuildPhase;
			buildActionMask = 2147483647;
			files = (
			);
			inputPaths = (
				"${SRCROOT}/Pods/Target Support Files/Pods-bubble/Pods-bubble-resources.sh",
				"${PODS_ROOT}/GoogleSignIn/Resources/GoogleSignIn.bundle",
			);
			name = "[CP] Copy Pods Resources";
			outputPaths = (
				"${TARGET_BUILD_DIR}/${UNLOCALIZED_RESOURCES_FOLDER_PATH}",
			);
			runOnlyForDeploymentPostprocessing = 0;
			shellPath = /bin/sh;
			shellScript = "\"${SRCROOT}/Pods/Target Support Files/Pods-bubble/Pods-bubble-resources.sh\"\n";
			showEnvVarsInLog = 0;
		};
		41E2B7D976057341F8E361B6 /* [CP] Check Pods Manifest.lock */ = {
			isa = PBXShellScriptBuildPhase;
			buildActionMask = 2147483647;
			files = (
			);
			inputPaths = (
				"${PODS_PODFILE_DIR_PATH}/Podfile.lock",
				"${PODS_ROOT}/Manifest.lock",
			);
			name = "[CP] Check Pods Manifest.lock";
			outputPaths = (
				"$(DERIVED_FILE_DIR)/Pods-bubble-checkManifestLockResult.txt",
			);
			runOnlyForDeploymentPostprocessing = 0;
			shellPath = /bin/sh;
			shellScript = "diff \"${PODS_PODFILE_DIR_PATH}/Podfile.lock\" \"${PODS_ROOT}/Manifest.lock\" > /dev/null\nif [ $? != 0 ] ; then\n    # print error to STDERR\n    echo \"error: The sandbox is not in sync with the Podfile.lock. Run 'pod install' or update your CocoaPods installation.\" >&2\n    exit 1\nfi\n# This output is used by Xcode 'outputs' to avoid re-running this script phase.\necho \"SUCCESS\" > \"${SCRIPT_OUTPUT_FILE_0}\"\n";
			showEnvVarsInLog = 0;
		};
		5B06A9CF5A624D85925AEE23 /* [CP] Check Pods Manifest.lock */ = {
			isa = PBXShellScriptBuildPhase;
			buildActionMask = 2147483647;
			files = (
			);
			inputPaths = (
				"${PODS_PODFILE_DIR_PATH}/Podfile.lock",
				"${PODS_ROOT}/Manifest.lock",
			);
			name = "[CP] Check Pods Manifest.lock";
			outputPaths = (
				"$(DERIVED_FILE_DIR)/Pods-bubbleUITests-checkManifestLockResult.txt",
			);
			runOnlyForDeploymentPostprocessing = 0;
			shellPath = /bin/sh;
			shellScript = "diff \"${PODS_PODFILE_DIR_PATH}/Podfile.lock\" \"${PODS_ROOT}/Manifest.lock\" > /dev/null\nif [ $? != 0 ] ; then\n    # print error to STDERR\n    echo \"error: The sandbox is not in sync with the Podfile.lock. Run 'pod install' or update your CocoaPods installation.\" >&2\n    exit 1\nfi\n# This output is used by Xcode 'outputs' to avoid re-running this script phase.\necho \"SUCCESS\" > \"${SCRIPT_OUTPUT_FILE_0}\"\n";
			showEnvVarsInLog = 0;
		};
		8A87BA982C60A5369DBA30A7 /* [CP] Embed Pods Frameworks */ = {
			isa = PBXShellScriptBuildPhase;
			buildActionMask = 2147483647;
			files = (
			);
			inputPaths = (
				"${SRCROOT}/Pods/Target Support Files/Pods-bubble/Pods-bubble-frameworks.sh",
				"${BUILT_PRODUCTS_DIR}/ARCL/ARCL.framework",
				"${BUILT_PRODUCTS_DIR}/Bolts/Bolts.framework",
				"${BUILT_PRODUCTS_DIR}/BoringSSL/openssl.framework",
				"${BUILT_PRODUCTS_DIR}/FBSDKCoreKit/FBSDKCoreKit.framework",
				"${BUILT_PRODUCTS_DIR}/FBSDKLoginKit/FBSDKLoginKit.framework",
				"${BUILT_PRODUCTS_DIR}/FacebookCore/FacebookCore.framework",
				"${BUILT_PRODUCTS_DIR}/FacebookLogin/FacebookLogin.framework",
				"${BUILT_PRODUCTS_DIR}/GTMOAuth2/GTMOAuth2.framework",
				"${BUILT_PRODUCTS_DIR}/GTMSessionFetcher/GTMSessionFetcher.framework",
				"${BUILT_PRODUCTS_DIR}/GoogleToolboxForMac/GoogleToolboxForMac.framework",
				"${BUILT_PRODUCTS_DIR}/Protobuf/Protobuf.framework",
				"${BUILT_PRODUCTS_DIR}/gRPC/GRPCClient.framework",
				"${BUILT_PRODUCTS_DIR}/gRPC-Core/grpc.framework",
				"${BUILT_PRODUCTS_DIR}/gRPC-ProtoRPC/ProtoRPC.framework",
				"${BUILT_PRODUCTS_DIR}/gRPC-RxLibrary/RxLibrary.framework",
				"${BUILT_PRODUCTS_DIR}/leveldb-library/leveldb.framework",
				"${BUILT_PRODUCTS_DIR}/nanopb/nanopb.framework",
			);
			name = "[CP] Embed Pods Frameworks";
			outputPaths = (
				"${TARGET_BUILD_DIR}/${FRAMEWORKS_FOLDER_PATH}/ARCL.framework",
				"${TARGET_BUILD_DIR}/${FRAMEWORKS_FOLDER_PATH}/Bolts.framework",
				"${TARGET_BUILD_DIR}/${FRAMEWORKS_FOLDER_PATH}/openssl.framework",
				"${TARGET_BUILD_DIR}/${FRAMEWORKS_FOLDER_PATH}/FBSDKCoreKit.framework",
				"${TARGET_BUILD_DIR}/${FRAMEWORKS_FOLDER_PATH}/FBSDKLoginKit.framework",
				"${TARGET_BUILD_DIR}/${FRAMEWORKS_FOLDER_PATH}/FacebookCore.framework",
				"${TARGET_BUILD_DIR}/${FRAMEWORKS_FOLDER_PATH}/FacebookLogin.framework",
				"${TARGET_BUILD_DIR}/${FRAMEWORKS_FOLDER_PATH}/GTMOAuth2.framework",
				"${TARGET_BUILD_DIR}/${FRAMEWORKS_FOLDER_PATH}/GTMSessionFetcher.framework",
				"${TARGET_BUILD_DIR}/${FRAMEWORKS_FOLDER_PATH}/GoogleToolboxForMac.framework",
				"${TARGET_BUILD_DIR}/${FRAMEWORKS_FOLDER_PATH}/Protobuf.framework",
				"${TARGET_BUILD_DIR}/${FRAMEWORKS_FOLDER_PATH}/GRPCClient.framework",
				"${TARGET_BUILD_DIR}/${FRAMEWORKS_FOLDER_PATH}/grpc.framework",
				"${TARGET_BUILD_DIR}/${FRAMEWORKS_FOLDER_PATH}/ProtoRPC.framework",
				"${TARGET_BUILD_DIR}/${FRAMEWORKS_FOLDER_PATH}/RxLibrary.framework",
				"${TARGET_BUILD_DIR}/${FRAMEWORKS_FOLDER_PATH}/leveldb.framework",
				"${TARGET_BUILD_DIR}/${FRAMEWORKS_FOLDER_PATH}/nanopb.framework",
			);
			runOnlyForDeploymentPostprocessing = 0;
			shellPath = /bin/sh;
			shellScript = "\"${SRCROOT}/Pods/Target Support Files/Pods-bubble/Pods-bubble-frameworks.sh\"\n";
			showEnvVarsInLog = 0;
		};
		B67D8137F535A0092CF5EA62 /* [CP] Copy Pods Resources */ = {
			isa = PBXShellScriptBuildPhase;
			buildActionMask = 2147483647;
			files = (
			);
			inputPaths = (
			);
			name = "[CP] Copy Pods Resources";
			outputPaths = (
			);
			runOnlyForDeploymentPostprocessing = 0;
			shellPath = /bin/sh;
			shellScript = "\"${SRCROOT}/Pods/Target Support Files/Pods-bubbleTests/Pods-bubbleTests-resources.sh\"\n";
			showEnvVarsInLog = 0;
		};
		B9B3ECDC069FBFC34CA340DC /* [CP] Embed Pods Frameworks */ = {
			isa = PBXShellScriptBuildPhase;
			buildActionMask = 2147483647;
			files = (
			);
			inputPaths = (
			);
			name = "[CP] Embed Pods Frameworks";
			outputPaths = (
			);
			runOnlyForDeploymentPostprocessing = 0;
			shellPath = /bin/sh;
			shellScript = "\"${SRCROOT}/Pods/Target Support Files/Pods-bubbleUITests/Pods-bubbleUITests-frameworks.sh\"\n";
			showEnvVarsInLog = 0;
		};
		F917FEDF8F609C4D85067F2C /* [CP] Embed Pods Frameworks */ = {
			isa = PBXShellScriptBuildPhase;
			buildActionMask = 2147483647;
			files = (
			);
			inputPaths = (
			);
			name = "[CP] Embed Pods Frameworks";
			outputPaths = (
			);
			runOnlyForDeploymentPostprocessing = 0;
			shellPath = /bin/sh;
			shellScript = "\"${SRCROOT}/Pods/Target Support Files/Pods-bubbleTests/Pods-bubbleTests-frameworks.sh\"\n";
			showEnvVarsInLog = 0;
		};
/* End PBXShellScriptBuildPhase section */

/* Begin PBXSourcesBuildPhase section */
		24E99787202232DE009EF2FF /* Sources */ = {
			isa = PBXSourcesBuildPhase;
			buildActionMask = 2147483647;
			files = (
				FC1126A320539582006BC6A6 /* BubbleAnnotation.swift in Sources */,
				2A615AD52030ACEB00267F76 /* SucessViewController.swift in Sources */,
				24E99791202232DE009EF2FF /* ViewController.swift in Sources */,
				2A097B212035661500DB2EAC /* AuthLoginViewController.swift in Sources */,
				2AD33CD32039EF2900919952 /* AuthEntryViewController.swift in Sources */,
				240BBE97202F9D7C00DD1524 /* MapViewController.swift in Sources */,
				C7B14506202D013500C9832F /* Bubble.swift in Sources */,
				FC2EBA042055FB58007799B7 /* BubbleCell.swift in Sources */,
				24E9978F202232DE009EF2FF /* AppDelegate.swift in Sources */,
				FC11269F20538428006BC6A6 /* ProfileSettingsViewController.swift in Sources */,
				249C180C2050867C009E20A4 /* ARViewController.swift in Sources */,
				2A701127202FB719002BA176 /* AccountAuthViewController.swift in Sources */,
				FC1126A12053865C006BC6A6 /* RoundedView.swift in Sources */,
				C7B1450D202D082D00C9832F /* CreateBubbleView.swift in Sources */,
				2A097B1F2033A5A800DB2EAC /* AuthService.swift in Sources */,
				FC2EBA022055FAB9007799B7 /* UserBubblesViewController.swift in Sources */,
				FC2EBA002055D7E7007799B7 /* BubbleUser.swift in Sources */,
				FC11269D2053841B006BC6A6 /* ProfileViewController.swift in Sources */,
				FCD6F0BB202CD8C200A658C8 /* DataService.swift in Sources */,
				2A9CBD102033A2E000C8BA48 /* AuthRegisterViewController.swift in Sources */,
			);
			runOnlyForDeploymentPostprocessing = 0;
		};
		24E9979B202232DE009EF2FF /* Sources */ = {
			isa = PBXSourcesBuildPhase;
			buildActionMask = 2147483647;
			files = (
				24E997A4202232DE009EF2FF /* bubbleTests.swift in Sources */,
			);
			runOnlyForDeploymentPostprocessing = 0;
		};
		24E997A6202232DE009EF2FF /* Sources */ = {
			isa = PBXSourcesBuildPhase;
			buildActionMask = 2147483647;
			files = (
				24E997AF202232DE009EF2FF /* bubbleUITests.swift in Sources */,
			);
			runOnlyForDeploymentPostprocessing = 0;
		};
/* End PBXSourcesBuildPhase section */

/* Begin PBXTargetDependency section */
		24E997A1202232DE009EF2FF /* PBXTargetDependency */ = {
			isa = PBXTargetDependency;
			target = 24E9978A202232DE009EF2FF /* bubble */;
			targetProxy = 24E997A0202232DE009EF2FF /* PBXContainerItemProxy */;
		};
		24E997AC202232DE009EF2FF /* PBXTargetDependency */ = {
			isa = PBXTargetDependency;
			target = 24E9978A202232DE009EF2FF /* bubble */;
			targetProxy = 24E997AB202232DE009EF2FF /* PBXContainerItemProxy */;
		};
/* End PBXTargetDependency section */

/* Begin PBXVariantGroup section */
		24E99792202232DE009EF2FF /* LaunchScreen.storyboard */ = {
			isa = PBXVariantGroup;
			children = (
				24E99798202232DE009EF2FF /* Base */,
			);
			name = LaunchScreen.storyboard;
			sourceTree = "<group>";
		};
		2A701123202F9E99002BA176 /* AccountAuthStoryboard.storyboard */ = {
			isa = PBXVariantGroup;
			children = (
				2A701124202F9E99002BA176 /* Base */,
			);
			name = AccountAuthStoryboard.storyboard;
			sourceTree = "<group>";
		};
/* End PBXVariantGroup section */

/* Begin XCBuildConfiguration section */
		24E997B1202232DE009EF2FF /* Debug */ = {
			isa = XCBuildConfiguration;
			buildSettings = {
				ALWAYS_SEARCH_USER_PATHS = NO;
				CLANG_ANALYZER_NONNULL = YES;
				CLANG_ANALYZER_NUMBER_OBJECT_CONVERSION = YES_AGGRESSIVE;
				CLANG_CXX_LANGUAGE_STANDARD = "gnu++14";
				CLANG_CXX_LIBRARY = "libc++";
				CLANG_ENABLE_MODULES = YES;
				CLANG_ENABLE_OBJC_ARC = YES;
				CLANG_WARN_BLOCK_CAPTURE_AUTORELEASING = YES;
				CLANG_WARN_BOOL_CONVERSION = YES;
				CLANG_WARN_COMMA = YES;
				CLANG_WARN_CONSTANT_CONVERSION = YES;
				CLANG_WARN_DIRECT_OBJC_ISA_USAGE = YES_ERROR;
				CLANG_WARN_DOCUMENTATION_COMMENTS = YES;
				CLANG_WARN_EMPTY_BODY = YES;
				CLANG_WARN_ENUM_CONVERSION = YES;
				CLANG_WARN_INFINITE_RECURSION = YES;
				CLANG_WARN_INT_CONVERSION = YES;
				CLANG_WARN_NON_LITERAL_NULL_CONVERSION = YES;
				CLANG_WARN_OBJC_LITERAL_CONVERSION = YES;
				CLANG_WARN_OBJC_ROOT_CLASS = YES_ERROR;
				CLANG_WARN_RANGE_LOOP_ANALYSIS = YES;
				CLANG_WARN_STRICT_PROTOTYPES = YES;
				CLANG_WARN_SUSPICIOUS_MOVE = YES;
				CLANG_WARN_UNGUARDED_AVAILABILITY = YES_AGGRESSIVE;
				CLANG_WARN_UNREACHABLE_CODE = YES;
				CLANG_WARN__DUPLICATE_METHOD_MATCH = YES;
				CODE_SIGN_IDENTITY = "iPhone Developer";
				COPY_PHASE_STRIP = NO;
				DEBUG_INFORMATION_FORMAT = dwarf;
				ENABLE_STRICT_OBJC_MSGSEND = YES;
				ENABLE_TESTABILITY = YES;
				GCC_C_LANGUAGE_STANDARD = gnu11;
				GCC_DYNAMIC_NO_PIC = NO;
				GCC_NO_COMMON_BLOCKS = YES;
				GCC_OPTIMIZATION_LEVEL = 0;
				GCC_PREPROCESSOR_DEFINITIONS = (
					"DEBUG=1",
					"$(inherited)",
				);
				GCC_WARN_64_TO_32_BIT_CONVERSION = YES;
				GCC_WARN_ABOUT_RETURN_TYPE = YES_ERROR;
				GCC_WARN_UNDECLARED_SELECTOR = YES;
				GCC_WARN_UNINITIALIZED_AUTOS = YES_AGGRESSIVE;
				GCC_WARN_UNUSED_FUNCTION = YES;
				GCC_WARN_UNUSED_VARIABLE = YES;
				IPHONEOS_DEPLOYMENT_TARGET = 11.2;
				MTL_ENABLE_DEBUG_INFO = YES;
				ONLY_ACTIVE_ARCH = YES;
				SDKROOT = iphoneos;
				SWIFT_ACTIVE_COMPILATION_CONDITIONS = DEBUG;
				SWIFT_OPTIMIZATION_LEVEL = "-Onone";
			};
			name = Debug;
		};
		24E997B2202232DE009EF2FF /* Release */ = {
			isa = XCBuildConfiguration;
			buildSettings = {
				ALWAYS_SEARCH_USER_PATHS = NO;
				CLANG_ANALYZER_NONNULL = YES;
				CLANG_ANALYZER_NUMBER_OBJECT_CONVERSION = YES_AGGRESSIVE;
				CLANG_CXX_LANGUAGE_STANDARD = "gnu++14";
				CLANG_CXX_LIBRARY = "libc++";
				CLANG_ENABLE_MODULES = YES;
				CLANG_ENABLE_OBJC_ARC = YES;
				CLANG_WARN_BLOCK_CAPTURE_AUTORELEASING = YES;
				CLANG_WARN_BOOL_CONVERSION = YES;
				CLANG_WARN_COMMA = YES;
				CLANG_WARN_CONSTANT_CONVERSION = YES;
				CLANG_WARN_DIRECT_OBJC_ISA_USAGE = YES_ERROR;
				CLANG_WARN_DOCUMENTATION_COMMENTS = YES;
				CLANG_WARN_EMPTY_BODY = YES;
				CLANG_WARN_ENUM_CONVERSION = YES;
				CLANG_WARN_INFINITE_RECURSION = YES;
				CLANG_WARN_INT_CONVERSION = YES;
				CLANG_WARN_NON_LITERAL_NULL_CONVERSION = YES;
				CLANG_WARN_OBJC_LITERAL_CONVERSION = YES;
				CLANG_WARN_OBJC_ROOT_CLASS = YES_ERROR;
				CLANG_WARN_RANGE_LOOP_ANALYSIS = YES;
				CLANG_WARN_STRICT_PROTOTYPES = YES;
				CLANG_WARN_SUSPICIOUS_MOVE = YES;
				CLANG_WARN_UNGUARDED_AVAILABILITY = YES_AGGRESSIVE;
				CLANG_WARN_UNREACHABLE_CODE = YES;
				CLANG_WARN__DUPLICATE_METHOD_MATCH = YES;
				CODE_SIGN_IDENTITY = "iPhone Developer";
				COPY_PHASE_STRIP = NO;
				DEBUG_INFORMATION_FORMAT = "dwarf-with-dsym";
				ENABLE_NS_ASSERTIONS = NO;
				ENABLE_STRICT_OBJC_MSGSEND = YES;
				GCC_C_LANGUAGE_STANDARD = gnu11;
				GCC_NO_COMMON_BLOCKS = YES;
				GCC_WARN_64_TO_32_BIT_CONVERSION = YES;
				GCC_WARN_ABOUT_RETURN_TYPE = YES_ERROR;
				GCC_WARN_UNDECLARED_SELECTOR = YES;
				GCC_WARN_UNINITIALIZED_AUTOS = YES_AGGRESSIVE;
				GCC_WARN_UNUSED_FUNCTION = YES;
				GCC_WARN_UNUSED_VARIABLE = YES;
				IPHONEOS_DEPLOYMENT_TARGET = 11.2;
				MTL_ENABLE_DEBUG_INFO = NO;
				SDKROOT = iphoneos;
				SWIFT_OPTIMIZATION_LEVEL = "-Owholemodule";
				VALIDATE_PRODUCT = YES;
			};
			name = Release;
		};
		24E997B4202232DE009EF2FF /* Debug */ = {
			isa = XCBuildConfiguration;
			baseConfigurationReference = EA229941A2DA5921E675AF5C /* Pods-bubble.debug.xcconfig */;
			buildSettings = {
				ASSETCATALOG_COMPILER_APPICON_NAME = AppIcon;
				CODE_SIGN_ENTITLEMENTS = bubble/bubble.entitlements;
				CODE_SIGN_STYLE = Automatic;
				DEVELOPMENT_TEAM = Q72GMFLLR4;
				INFOPLIST_FILE = bubble/Info.plist;
				LD_RUNPATH_SEARCH_PATHS = "$(inherited) @executable_path/Frameworks";
				PRODUCT_BUNDLE_IDENTIFIER = cs408.bubble;
				PRODUCT_NAME = "$(TARGET_NAME)";
				SWIFT_VERSION = 4.0;
				TARGETED_DEVICE_FAMILY = "1,2";
			};
			name = Debug;
		};
		24E997B5202232DE009EF2FF /* Release */ = {
			isa = XCBuildConfiguration;
			baseConfigurationReference = 16D35B7316F5B6DF366CB8AD /* Pods-bubble.release.xcconfig */;
			buildSettings = {
				ASSETCATALOG_COMPILER_APPICON_NAME = AppIcon;
				CODE_SIGN_ENTITLEMENTS = bubble/bubble.entitlements;
				CODE_SIGN_STYLE = Automatic;
				DEVELOPMENT_TEAM = Q72GMFLLR4;
				INFOPLIST_FILE = bubble/Info.plist;
				LD_RUNPATH_SEARCH_PATHS = "$(inherited) @executable_path/Frameworks";
				PRODUCT_BUNDLE_IDENTIFIER = cs408.bubble;
				PRODUCT_NAME = "$(TARGET_NAME)";
				SWIFT_VERSION = 4.0;
				TARGETED_DEVICE_FAMILY = "1,2";
			};
			name = Release;
		};
		24E997B7202232DE009EF2FF /* Debug */ = {
			isa = XCBuildConfiguration;
			baseConfigurationReference = A27178FB51C85EBAFB7102C5 /* Pods-bubbleTests.debug.xcconfig */;
			buildSettings = {
				ALWAYS_EMBED_SWIFT_STANDARD_LIBRARIES = YES;
				BUNDLE_LOADER = "$(TEST_HOST)";
				CODE_SIGN_STYLE = Automatic;
				DEVELOPMENT_TEAM = Q72GMFLLR4;
				INFOPLIST_FILE = bubbleTests/Info.plist;
				LD_RUNPATH_SEARCH_PATHS = "$(inherited) @executable_path/Frameworks @loader_path/Frameworks";
				PRODUCT_BUNDLE_IDENTIFIER = cs408.bubbleTests;
				PRODUCT_NAME = "$(TARGET_NAME)";
				SWIFT_VERSION = 4.0;
				TARGETED_DEVICE_FAMILY = "1,2";
				TEST_HOST = "$(BUILT_PRODUCTS_DIR)/bubble.app/bubble";
			};
			name = Debug;
		};
		24E997B8202232DE009EF2FF /* Release */ = {
			isa = XCBuildConfiguration;
			baseConfigurationReference = 82981578508418AA5255F405 /* Pods-bubbleTests.release.xcconfig */;
			buildSettings = {
				ALWAYS_EMBED_SWIFT_STANDARD_LIBRARIES = YES;
				BUNDLE_LOADER = "$(TEST_HOST)";
				CODE_SIGN_STYLE = Automatic;
				DEVELOPMENT_TEAM = Q72GMFLLR4;
				INFOPLIST_FILE = bubbleTests/Info.plist;
				LD_RUNPATH_SEARCH_PATHS = "$(inherited) @executable_path/Frameworks @loader_path/Frameworks";
				PRODUCT_BUNDLE_IDENTIFIER = cs408.bubbleTests;
				PRODUCT_NAME = "$(TARGET_NAME)";
				SWIFT_VERSION = 4.0;
				TARGETED_DEVICE_FAMILY = "1,2";
				TEST_HOST = "$(BUILT_PRODUCTS_DIR)/bubble.app/bubble";
			};
			name = Release;
		};
		24E997BA202232DE009EF2FF /* Debug */ = {
			isa = XCBuildConfiguration;
			baseConfigurationReference = C13140F4DAB329735B86CF12 /* Pods-bubbleUITests.debug.xcconfig */;
			buildSettings = {
				ALWAYS_EMBED_SWIFT_STANDARD_LIBRARIES = YES;
				CODE_SIGN_STYLE = Automatic;
				DEVELOPMENT_TEAM = Q72GMFLLR4;
				INFOPLIST_FILE = bubbleUITests/Info.plist;
				LD_RUNPATH_SEARCH_PATHS = "$(inherited) @executable_path/Frameworks @loader_path/Frameworks";
				PRODUCT_BUNDLE_IDENTIFIER = cs408.bubbleUITests;
				PRODUCT_NAME = "$(TARGET_NAME)";
				SWIFT_VERSION = 4.0;
				TARGETED_DEVICE_FAMILY = "1,2";
				TEST_TARGET_NAME = bubble;
			};
			name = Debug;
		};
		24E997BB202232DE009EF2FF /* Release */ = {
			isa = XCBuildConfiguration;
			baseConfigurationReference = 933067298B0CD01DE1F5E8CB /* Pods-bubbleUITests.release.xcconfig */;
			buildSettings = {
				ALWAYS_EMBED_SWIFT_STANDARD_LIBRARIES = YES;
				CODE_SIGN_STYLE = Automatic;
				DEVELOPMENT_TEAM = Q72GMFLLR4;
				INFOPLIST_FILE = bubbleUITests/Info.plist;
				LD_RUNPATH_SEARCH_PATHS = "$(inherited) @executable_path/Frameworks @loader_path/Frameworks";
				PRODUCT_BUNDLE_IDENTIFIER = cs408.bubbleUITests;
				PRODUCT_NAME = "$(TARGET_NAME)";
				SWIFT_VERSION = 4.0;
				TARGETED_DEVICE_FAMILY = "1,2";
				TEST_TARGET_NAME = bubble;
			};
			name = Release;
		};
/* End XCBuildConfiguration section */

/* Begin XCConfigurationList section */
		24E99786202232DE009EF2FF /* Build configuration list for PBXProject "bubble" */ = {
			isa = XCConfigurationList;
			buildConfigurations = (
				24E997B1202232DE009EF2FF /* Debug */,
				24E997B2202232DE009EF2FF /* Release */,
			);
			defaultConfigurationIsVisible = 0;
			defaultConfigurationName = Release;
		};
		24E997B3202232DE009EF2FF /* Build configuration list for PBXNativeTarget "bubble" */ = {
			isa = XCConfigurationList;
			buildConfigurations = (
				24E997B4202232DE009EF2FF /* Debug */,
				24E997B5202232DE009EF2FF /* Release */,
			);
			defaultConfigurationIsVisible = 0;
			defaultConfigurationName = Release;
		};
		24E997B6202232DE009EF2FF /* Build configuration list for PBXNativeTarget "bubbleTests" */ = {
			isa = XCConfigurationList;
			buildConfigurations = (
				24E997B7202232DE009EF2FF /* Debug */,
				24E997B8202232DE009EF2FF /* Release */,
			);
			defaultConfigurationIsVisible = 0;
			defaultConfigurationName = Release;
		};
		24E997B9202232DE009EF2FF /* Build configuration list for PBXNativeTarget "bubbleUITests" */ = {
			isa = XCConfigurationList;
			buildConfigurations = (
				24E997BA202232DE009EF2FF /* Debug */,
				24E997BB202232DE009EF2FF /* Release */,
			);
			defaultConfigurationIsVisible = 0;
			defaultConfigurationName = Release;
		};
/* End XCConfigurationList section */
	};
	rootObject = 24E99783202232DE009EF2FF /* Project object */;
}
